
Microsoft Visual Studio Solution File, Format Version 12.00
# Visual Studio Version 16
VisualStudioVersion = 16.0.809.0
MinimumVisualStudioVersion = 10.0.40219.1
Project("{FAE04EC0-301F-11D3-BF4B-00C04F79EFBC}") = "Localiza.Hertz.Numbers.ConsoleApplication", "Localiza.Hertz.Numbers.ConsoleApplication.csproj", "{A4DAE290-BD53-4FDC-9387-30C9C095B5E8}"
EndProject
Global
	GlobalSection(SolutionConfigurationPlatforms) = preSolution
		Debug|Any CPU = Debug|Any CPU
		Release|Any CPU = Release|Any CPU
	EndGlobalSection
	GlobalSection(ProjectConfigurationPlatforms) = postSolution
		{A4DAE290-BD53-4FDC-9387-30C9C095B5E8}.Debug|Any CPU.ActiveCfg = Debug|Any CPU
		{A4DAE290-BD53-4FDC-9387-30C9C095B5E8}.Debug|Any CPU.Build.0 = Debug|Any CPU
		{A4DAE290-BD53-4FDC-9387-30C9C095B5E8}.Release|Any CPU.ActiveCfg = Release|Any CPU
		{A4DAE290-BD53-4FDC-9387-30C9C095B5E8}.Release|Any CPU.Build.0 = Release|Any CPU
	EndGlobalSection
	GlobalSection(SolutionProperties) = preSolution
		HideSolutionNode = FALSE
	EndGlobalSection
	GlobalSection(ExtensibilityGlobals) = postSolution
		SolutionGuid = {07D6B97A-61B9-4C7E-B409-69F5B78CE40E}
	EndGlobalSection
EndGlobal
