
Microsoft Visual Studio Solution File, Format Version 12.00
# Visual Studio Version 16
VisualStudioVersion = 16.0.809.0
MinimumVisualStudioVersion = 10.0.40219.1
Project("{FAE04EC0-301F-11D3-BF4B-00C04F79EFBC}") = "Localiza.Hertz.Numbers.Api", "Localiza.Hertz.Numbers.Api.csproj", "{A81C9CD3-0C6C-4249-8A7F-FEA1CED8DE56}"
EndProject
Global
	GlobalSection(SolutionConfigurationPlatforms) = preSolution
		Debug|Any CPU = Debug|Any CPU
		Release|Any CPU = Release|Any CPU
	EndGlobalSection
	GlobalSection(ProjectConfigurationPlatforms) = postSolution
		{A81C9CD3-0C6C-4249-8A7F-FEA1CED8DE56}.Debug|Any CPU.ActiveCfg = Debug|Any CPU
		{A81C9CD3-0C6C-4249-8A7F-FEA1CED8DE56}.Debug|Any CPU.Build.0 = Debug|Any CPU
		{A81C9CD3-0C6C-4249-8A7F-FEA1CED8DE56}.Release|Any CPU.ActiveCfg = Release|Any CPU
		{A81C9CD3-0C6C-4249-8A7F-FEA1CED8DE56}.Release|Any CPU.Build.0 = Release|Any CPU
	EndGlobalSection
	GlobalSection(SolutionProperties) = preSolution
		HideSolutionNode = FALSE
	EndGlobalSection
	GlobalSection(ExtensibilityGlobals) = postSolution
		SolutionGuid = {402C137F-DAE0-4267-808A-51E351EE0875}
	EndGlobalSection
EndGlobal
